
Microsoft Visual Studio Solution File, Format Version 12.00
# Visual Studio Version 16
VisualStudioVersion = 16.0.30011.22
MinimumVisualStudioVersion = 10.0.40219.1
Project("{FAE04EC0-301F-11D3-BF4B-00C04F79EFBC}") = "BMP.4.0.2", "BMP.4.0.2\BMP.4.0.2.csproj", "{a239a399-86bc-4a5b-9cb0-dd1df3820d1e}"
EndProject
Global
	GlobalSection(SolutionConfigurationPlatforms) = preSolution
		Debug|Any CPU = Debug|Any CPU
		Release|Any CPU = Release|Any CPU
	EndGlobalSection
	GlobalSection(ProjectConfigurationPlatforms) = postSolution
		{a239a399-86bc-4a5b-9cb0-dd1df3820d1e}.Debug|Any CPU.ActiveCfg = Debug|Any CPU
		{a239a399-86bc-4a5b-9cb0-dd1df3820d1e}.Debug|Any CPU.Build.0 = Debug|Any CPU
		{a239a399-86bc-4a5b-9cb0-dd1df3820d1e}.Release|Any CPU.ActiveCfg = Release|Any CPU
		{a239a399-86bc-4a5b-9cb0-dd1df3820d1e}.Release|Any CPU.Build.0 = Release|Any CPU
	EndGlobalSection
	GlobalSection(SolutionProperties) = preSolution
		HideSolutionNode = FALSE
	EndGlobalSection
EndGlobal
